{
  "meteor": {},
  "dependencies": {
    "basePackages": {
      "iron-router": {
        "version": "0.6.2"
      },
      "spin": {
        "version": "0.2.2"
      },
      "moment": {
        "version": "2.5.1"
      },
      "collectionFS": {
        "version": "0.3.7"
      },
      "imagemagick": {
        "version": "0.1.2"
      },
      "winston": {
        "version": "0.0.3"
      },
      "semantic-ui": {
        "version": "0.12.1"
      },
      "bootstrap-3": {
        "version": "3.1.0-1"
      },
      "x-editable-bootstrap3": {
        "version": "1.5.2"
      },
      "accounts-entry": {
        "version": "0.4.4"
      }
    },
    "packages": {
      "iron-router": {
        "git": "https://github.com/EventedMind/iron-router.git",
        "tag": "v0.6.2",
        "commit": "ce56e58b45624dce992490f3a1c10f10d3948bae"
      },
      "spin": {
        "git": "https://github.com/SachaG/meteor-spin.git",
        "tag": "v0.2.2",
        "commit": "3f655f0016228e4195acc784c45d3e3a247dc39f"
      },
      "moment": {
        "git": "https://github.com/acreeger/meteor-moment.git",
        "tag": "v2.5.1",
        "commit": "8c9bc5d3fc96705057737cb9743d555417f6e551"
      },
      "collectionFS": {
        "git": "https://github.com/raix/Meteor-CollectionFS.git",
        "tag": "v0.3.7",
        "commit": "34d9fb363472e44c6dba4a1473a9e106e107f5a9"
      },
      "imagemagick": {
        "git": "https://github.com/sylvaingi/meteor-imagemagick.git",
        "tag": "v0.1.2",
        "commit": "d67bb926356d35cdff1a6d6c3c69750f3f54c059"
      },
      "winston": {
        "git": "https://github.com/tomrogers3/meteor-winston.git",
        "tag": "v0.0.3",
        "commit": "60dc02303ca003ef05254f94fbb9bfd40915d5d3"
      },
      "semantic-ui": {
        "git": "https://github.com/nooitaf/meteor-semantic-ui.git",
        "tag": "v0.12.1",
        "commit": "6d895bcec1953a1dd609541288fccc3971520d72"
      },
      "bootstrap-3": {
        "git": "https://github.com/mangasocial/meteor-bootstrap-3.git",
        "tag": "v3.1.0-1",
        "commit": "329dccb08bfc18c635676dea600ac9953162cda9"
      },
      "x-editable-bootstrap3": {
        "git": "https://github.com/JustinSGray/meteor-x-editable-bootstrap.git",
        "tag": "v1.5.2",
        "commit": "1e5e6d7bddf0b17cc6ea2fc1f50c3f9fd2cfc3f3"
      },
      "accounts-entry": {
        "git": "https://github.com/BeDifferential/accounts-entry.git",
        "tag": "v0.4.4",
        "commit": "56cee1ff5afe2ce5be7b749cd74fc939fc9ce781"
      },
      "cfs-public-folder": {
        "git": "https://github.com/nooitaf/meteor-cfs-public-folder.git",
        "tag": "v0.0.3",
        "commit": "581c716424b374efb6f611110002621f9cc9212b"
      }
    }
  }
}
